
Microsoft Visual Studio Solution File, Format Version 12.00
# Visual Studio 15
VisualStudioVersion = 15.0.28307.645
MinimumVisualStudioVersion = 10.0.40219.1
Project("{9A19103F-16F7-4668-BE54-9A1E7A4F7556}") = "metots", "metots\metots.csproj", "{BF030FC5-6A77-4652-90FA-2A467FC8F251}"
EndProject
Project("{FAE04EC0-301F-11D3-BF4B-00C04F79EFBC}") = "matematik", "matematik\matematik.csproj", "{2195806B-6ADD-4C49-8BD2-E6A25BF730A9}"
EndProject
Project("{FAE04EC0-301F-11D3-BF4B-00C04F79EFBC}") = "DegerveReferansTipleri", "DegerveReferansTipleri\DegerveReferansTipleri.csproj", "{A79FCC82-8CC3-4909-B531-BEE3C5EB2291}"
EndProject
Global
	GlobalSection(SolutionConfigurationPlatforms) = preSolution
		Debug|Any CPU = Debug|Any CPU
		Release|Any CPU = Release|Any CPU
	EndGlobalSection
	GlobalSection(ProjectConfigurationPlatforms) = postSolution
		{BF030FC5-6A77-4652-90FA-2A467FC8F251}.Debug|Any CPU.ActiveCfg = Debug|Any CPU
		{BF030FC5-6A77-4652-90FA-2A467FC8F251}.Debug|Any CPU.Build.0 = Debug|Any CPU
		{BF030FC5-6A77-4652-90FA-2A467FC8F251}.Release|Any CPU.ActiveCfg = Release|Any CPU
		{BF030FC5-6A77-4652-90FA-2A467FC8F251}.Release|Any CPU.Build.0 = Release|Any CPU
		{2195806B-6ADD-4C49-8BD2-E6A25BF730A9}.Debug|Any CPU.ActiveCfg = Debug|Any CPU
		{2195806B-6ADD-4C49-8BD2-E6A25BF730A9}.Debug|Any CPU.Build.0 = Debug|Any CPU
		{2195806B-6ADD-4C49-8BD2-E6A25BF730A9}.Release|Any CPU.ActiveCfg = Release|Any CPU
		{2195806B-6ADD-4C49-8BD2-E6A25BF730A9}.Release|Any CPU.Build.0 = Release|Any CPU
		{A79FCC82-8CC3-4909-B531-BEE3C5EB2291}.Debug|Any CPU.ActiveCfg = Debug|Any CPU
		{A79FCC82-8CC3-4909-B531-BEE3C5EB2291}.Debug|Any CPU.Build.0 = Debug|Any CPU
		{A79FCC82-8CC3-4909-B531-BEE3C5EB2291}.Release|Any CPU.ActiveCfg = Release|Any CPU
		{A79FCC82-8CC3-4909-B531-BEE3C5EB2291}.Release|Any CPU.Build.0 = Release|Any CPU
	EndGlobalSection
	GlobalSection(SolutionProperties) = preSolution
		HideSolutionNode = FALSE
	EndGlobalSection
	GlobalSection(ExtensibilityGlobals) = postSolution
		SolutionGuid = {57FF710D-AB1E-4648-86FB-8279D22A896A}
	EndGlobalSection
EndGlobal
